
Microsoft Visual Studio Solution File, Format Version 12.00
# Visual Studio Version 16
VisualStudioVersion = 16.0.30907.101
MinimumVisualStudioVersion = 10.0.40219.1
Project("{FAE04EC0-301F-11D3-BF4B-00C04F79EFBC}") = "MetodyGIT1", "MetodyGIT1\MetodyGIT1.csproj", "{F9F9E2F0-B018-4F8C-97B5-926A4A2C9EC0}"
EndProject
Global
	GlobalSection(SolutionConfigurationPlatforms) = preSolution
		Debug|Any CPU = Debug|Any CPU
		Release|Any CPU = Release|Any CPU
	EndGlobalSection
	GlobalSection(ProjectConfigurationPlatforms) = postSolution
		{F9F9E2F0-B018-4F8C-97B5-926A4A2C9EC0}.Debug|Any CPU.ActiveCfg = Debug|Any CPU
		{F9F9E2F0-B018-4F8C-97B5-926A4A2C9EC0}.Debug|Any CPU.Build.0 = Debug|Any CPU
		{F9F9E2F0-B018-4F8C-97B5-926A4A2C9EC0}.Release|Any CPU.ActiveCfg = Release|Any CPU
		{F9F9E2F0-B018-4F8C-97B5-926A4A2C9EC0}.Release|Any CPU.Build.0 = Release|Any CPU
	EndGlobalSection
	GlobalSection(SolutionProperties) = preSolution
		HideSolutionNode = FALSE
	EndGlobalSection
	GlobalSection(ExtensibilityGlobals) = postSolution
		SolutionGuid = {E62C668E-F13A-48F5-8E3E-BFC231A3A273}
	EndGlobalSection
EndGlobal
